
Microsoft Visual Studio Solution File, Format Version 12.00
# Visual Studio Version 17
VisualStudioVersion = 17.7.34031.279
MinimumVisualStudioVersion = 10.0.40219.1
Project("{2150E333-8FDC-42A3-9474-1A3956D46DE8}") = "Services", "Services", "{1A65523F-E0A1-41B8-AD3B-3B7E2C393977}"
EndProject
Project("{2150E333-8FDC-42A3-9474-1A3956D46DE8}") = "WebApps", "WebApps", "{16CB333C-819D-4A9C-B39F-AF79C06CDF17}"
EndProject
Project("{2150E333-8FDC-42A3-9474-1A3956D46DE8}") = "Cadastros", "Cadastros", "{FC4F7DE6-3EEC-4774-A68B-58F2EF043B3C}"
EndProject
Project("{2150E333-8FDC-42A3-9474-1A3956D46DE8}") = "Catalogo", "Catalogo", "{64350A89-8A5C-4B48-BB98-2A56710EDA5D}"
EndProject
Project("{2150E333-8FDC-42A3-9474-1A3956D46DE8}") = "Core", "Core", "{912D8492-47A6-42CF-8B0B-520E8FA861C7}"
EndProject
Project("{2150E333-8FDC-42A3-9474-1A3956D46DE8}") = "Fiscal", "Fiscal", "{806B1EC7-656C-443E-99FC-94DE33507931}"
EndProject
Project("{2150E333-8FDC-42A3-9474-1A3956D46DE8}") = "Pagamentos", "Pagamentos", "{9A119205-8BB6-4CAF-80CA-E29B48935906}"
EndProject
Project("{2150E333-8FDC-42A3-9474-1A3956D46DE8}") = "Vendas", "Vendas", "{B2339AC0-CB42-4BB1-8FC2-901CFD9A2E8F}"
EndProject
Project("{FAE04EC0-301F-11D3-BF4B-00C04F79EFBC}") = "NerdStore.Catalogo.Domain", "src\NerdStore.Catalogo.Domain\NerdStore.Catalogo.Domain.csproj", "{DEF90A9D-4FEB-449D-AE30-F5ED8B081A5F}"
EndProject
Project("{FAE04EC0-301F-11D3-BF4B-00C04F79EFBC}") = "NerdStore.Core", "src\NerdStore.Core\NerdStore.Core.csproj", "{B2135D45-D370-4B52-9E04-2018E212D4F7}"
EndProject
Global
	GlobalSection(SolutionConfigurationPlatforms) = preSolution
		Debug|Any CPU = Debug|Any CPU
		Release|Any CPU = Release|Any CPU
	EndGlobalSection
	GlobalSection(ProjectConfigurationPlatforms) = postSolution
		{DEF90A9D-4FEB-449D-AE30-F5ED8B081A5F}.Debug|Any CPU.ActiveCfg = Debug|Any CPU
		{DEF90A9D-4FEB-449D-AE30-F5ED8B081A5F}.Debug|Any CPU.Build.0 = Debug|Any CPU
		{DEF90A9D-4FEB-449D-AE30-F5ED8B081A5F}.Release|Any CPU.ActiveCfg = Release|Any CPU
		{DEF90A9D-4FEB-449D-AE30-F5ED8B081A5F}.Release|Any CPU.Build.0 = Release|Any CPU
		{B2135D45-D370-4B52-9E04-2018E212D4F7}.Debug|Any CPU.ActiveCfg = Debug|Any CPU
		{B2135D45-D370-4B52-9E04-2018E212D4F7}.Debug|Any CPU.Build.0 = Debug|Any CPU
		{B2135D45-D370-4B52-9E04-2018E212D4F7}.Release|Any CPU.ActiveCfg = Release|Any CPU
		{B2135D45-D370-4B52-9E04-2018E212D4F7}.Release|Any CPU.Build.0 = Release|Any CPU
	EndGlobalSection
	GlobalSection(SolutionProperties) = preSolution
		HideSolutionNode = FALSE
	EndGlobalSection
	GlobalSection(NestedProjects) = preSolution
		{FC4F7DE6-3EEC-4774-A68B-58F2EF043B3C} = {1A65523F-E0A1-41B8-AD3B-3B7E2C393977}
		{64350A89-8A5C-4B48-BB98-2A56710EDA5D} = {1A65523F-E0A1-41B8-AD3B-3B7E2C393977}
		{912D8492-47A6-42CF-8B0B-520E8FA861C7} = {1A65523F-E0A1-41B8-AD3B-3B7E2C393977}
		{806B1EC7-656C-443E-99FC-94DE33507931} = {1A65523F-E0A1-41B8-AD3B-3B7E2C393977}
		{9A119205-8BB6-4CAF-80CA-E29B48935906} = {1A65523F-E0A1-41B8-AD3B-3B7E2C393977}
		{B2339AC0-CB42-4BB1-8FC2-901CFD9A2E8F} = {1A65523F-E0A1-41B8-AD3B-3B7E2C393977}
		{DEF90A9D-4FEB-449D-AE30-F5ED8B081A5F} = {64350A89-8A5C-4B48-BB98-2A56710EDA5D}
		{B2135D45-D370-4B52-9E04-2018E212D4F7} = {912D8492-47A6-42CF-8B0B-520E8FA861C7}
	EndGlobalSection
	GlobalSection(ExtensibilityGlobals) = postSolution
		SolutionGuid = {0826A298-A31F-477E-84C4-E0D02C197853}
	EndGlobalSection
EndGlobal
